# This file is automatically @generated by Cargo.
# It is not intended for manual editing.
version = 4

[[package]]
name = "tezzera-cli"
version = "0.1.0"

[[package]]
name = "tezzera-core"
version = "0.1.0"
dependencies = [
 "tezzera-state",
 "tezzera-trace",
]

[[package]]
name = "tezzera-layout"
version = "0.1.0"

[[package]]
name = "tezzera-macros"
version = "0.1.0"

[[package]]
name = "tezzera-render"
version = "0.1.0"

[[package]]
name = "tezzera-state"
version = "0.1.0"
dependencies = [
 "tezzera-trace",
]

[[package]]
name = "tezzera-trace"
version = "0.1.0"

[[package]]
name = "tezzera-widgets"
version = "0.1.0"
